
Microsoft Visual Studio Solution File, Format Version 12.00
# Visual Studio 15
VisualStudioVersion = 15.0.26124.0
MinimumVisualStudioVersion = 15.0.26124.0
Project("{FAE04EC0-301F-11D3-BF4B-00C04F79EFBC}") = "Penguin.Messaging.Core.Local", "Penguin.Messaging.Core.Local.csproj", "{48BC0877-2D15-4495-907D-C956DEF87ADF}"
EndProject
Project("{FAE04EC0-301F-11D3-BF4B-00C04F79EFBC}") = "Penguin.Debugging.Local", "..\Penguin.Debugging\Penguin.Debugging.Local.csproj", "{DE057126-B3B2-4564-A835-8EE7F695F69D}"
EndProject
Project("{FAE04EC0-301F-11D3-BF4B-00C04F79EFBC}") = "Penguin.Extensions.Exceptions.Local", "..\Penguin.Extensions.Exceptions\Penguin.Extensions.Exceptions.Local.csproj", "{5DF536E2-4514-4A24-9C4D-DBC04F336618}"
EndProject
Project("{FAE04EC0-301F-11D3-BF4B-00C04F79EFBC}") = "Penguin.Messaging.Abstractions.Local", "..\Penguin.Messaging.Abstractions\Penguin.Messaging.Abstractions.Local.csproj", "{5EA25967-6AC4-4305-9DF8-8998D03F4789}"
EndProject
Global
	GlobalSection(SolutionConfigurationPlatforms) = preSolution
		Debug|Any CPU = Debug|Any CPU
		Debug|x64 = Debug|x64
		Debug|x86 = Debug|x86
		Release|Any CPU = Release|Any CPU
		Release|x64 = Release|x64
		Release|x86 = Release|x86
	EndGlobalSection
	GlobalSection(SolutionProperties) = preSolution
		HideSolutionNode = FALSE
	EndGlobalSection
	GlobalSection(ProjectConfigurationPlatforms) = postSolution
		{48BC0877-2D15-4495-907D-C956DEF87ADF}.Debug|Any CPU.ActiveCfg = Debug|Any CPU
		{48BC0877-2D15-4495-907D-C956DEF87ADF}.Debug|Any CPU.Build.0 = Debug|Any CPU
		{48BC0877-2D15-4495-907D-C956DEF87ADF}.Debug|x64.ActiveCfg = Debug|Any CPU
		{48BC0877-2D15-4495-907D-C956DEF87ADF}.Debug|x64.Build.0 = Debug|Any CPU
		{48BC0877-2D15-4495-907D-C956DEF87ADF}.Debug|x86.ActiveCfg = Debug|Any CPU
		{48BC0877-2D15-4495-907D-C956DEF87ADF}.Debug|x86.Build.0 = Debug|Any CPU
		{48BC0877-2D15-4495-907D-C956DEF87ADF}.Release|Any CPU.ActiveCfg = Release|Any CPU
		{48BC0877-2D15-4495-907D-C956DEF87ADF}.Release|Any CPU.Build.0 = Release|Any CPU
		{48BC0877-2D15-4495-907D-C956DEF87ADF}.Release|x64.ActiveCfg = Release|Any CPU
		{48BC0877-2D15-4495-907D-C956DEF87ADF}.Release|x64.Build.0 = Release|Any CPU
		{48BC0877-2D15-4495-907D-C956DEF87ADF}.Release|x86.ActiveCfg = Release|Any CPU
		{48BC0877-2D15-4495-907D-C956DEF87ADF}.Release|x86.Build.0 = Release|Any CPU
		{DE057126-B3B2-4564-A835-8EE7F695F69D}.Debug|Any CPU.ActiveCfg = Debug|Any CPU
		{DE057126-B3B2-4564-A835-8EE7F695F69D}.Debug|Any CPU.Build.0 = Debug|Any CPU
		{DE057126-B3B2-4564-A835-8EE7F695F69D}.Debug|x64.ActiveCfg = Debug|Any CPU
		{DE057126-B3B2-4564-A835-8EE7F695F69D}.Debug|x64.Build.0 = Debug|Any CPU
		{DE057126-B3B2-4564-A835-8EE7F695F69D}.Debug|x86.ActiveCfg = Debug|Any CPU
		{DE057126-B3B2-4564-A835-8EE7F695F69D}.Debug|x86.Build.0 = Debug|Any CPU
		{DE057126-B3B2-4564-A835-8EE7F695F69D}.Release|Any CPU.ActiveCfg = Release|Any CPU
		{DE057126-B3B2-4564-A835-8EE7F695F69D}.Release|Any CPU.Build.0 = Release|Any CPU
		{DE057126-B3B2-4564-A835-8EE7F695F69D}.Release|x64.ActiveCfg = Release|Any CPU
		{DE057126-B3B2-4564-A835-8EE7F695F69D}.Release|x64.Build.0 = Release|Any CPU
		{DE057126-B3B2-4564-A835-8EE7F695F69D}.Release|x86.ActiveCfg = Release|Any CPU
		{DE057126-B3B2-4564-A835-8EE7F695F69D}.Release|x86.Build.0 = Release|Any CPU
		{5DF536E2-4514-4A24-9C4D-DBC04F336618}.Debug|Any CPU.ActiveCfg = Debug|Any CPU
		{5DF536E2-4514-4A24-9C4D-DBC04F336618}.Debug|Any CPU.Build.0 = Debug|Any CPU
		{5DF536E2-4514-4A24-9C4D-DBC04F336618}.Debug|x64.ActiveCfg = Debug|Any CPU
		{5DF536E2-4514-4A24-9C4D-DBC04F336618}.Debug|x64.Build.0 = Debug|Any CPU
		{5DF536E2-4514-4A24-9C4D-DBC04F336618}.Debug|x86.ActiveCfg = Debug|Any CPU
		{5DF536E2-4514-4A24-9C4D-DBC04F336618}.Debug|x86.Build.0 = Debug|Any CPU
		{5DF536E2-4514-4A24-9C4D-DBC04F336618}.Release|Any CPU.ActiveCfg = Release|Any CPU
		{5DF536E2-4514-4A24-9C4D-DBC04F336618}.Release|Any CPU.Build.0 = Release|Any CPU
		{5DF536E2-4514-4A24-9C4D-DBC04F336618}.Release|x64.ActiveCfg = Release|Any CPU
		{5DF536E2-4514-4A24-9C4D-DBC04F336618}.Release|x64.Build.0 = Release|Any CPU
		{5DF536E2-4514-4A24-9C4D-DBC04F336618}.Release|x86.ActiveCfg = Release|Any CPU
		{5DF536E2-4514-4A24-9C4D-DBC04F336618}.Release|x86.Build.0 = Release|Any CPU
		{5EA25967-6AC4-4305-9DF8-8998D03F4789}.Debug|Any CPU.ActiveCfg = Debug|Any CPU
		{5EA25967-6AC4-4305-9DF8-8998D03F4789}.Debug|Any CPU.Build.0 = Debug|Any CPU
		{5EA25967-6AC4-4305-9DF8-8998D03F4789}.Debug|x64.ActiveCfg = Debug|Any CPU
		{5EA25967-6AC4-4305-9DF8-8998D03F4789}.Debug|x64.Build.0 = Debug|Any CPU
		{5EA25967-6AC4-4305-9DF8-8998D03F4789}.Debug|x86.ActiveCfg = Debug|Any CPU
		{5EA25967-6AC4-4305-9DF8-8998D03F4789}.Debug|x86.Build.0 = Debug|Any CPU
		{5EA25967-6AC4-4305-9DF8-8998D03F4789}.Release|Any CPU.ActiveCfg = Release|Any CPU
		{5EA25967-6AC4-4305-9DF8-8998D03F4789}.Release|Any CPU.Build.0 = Release|Any CPU
		{5EA25967-6AC4-4305-9DF8-8998D03F4789}.Release|x64.ActiveCfg = Release|Any CPU
		{5EA25967-6AC4-4305-9DF8-8998D03F4789}.Release|x64.Build.0 = Release|Any CPU
		{5EA25967-6AC4-4305-9DF8-8998D03F4789}.Release|x86.ActiveCfg = Release|Any CPU
		{5EA25967-6AC4-4305-9DF8-8998D03F4789}.Release|x86.Build.0 = Release|Any CPU
	EndGlobalSection
EndGlobal
